{
  "nodes": {
    "codex": {
      "inputs": {
        "nixpkgs": [
          "nixpkgs"
        ],
        "rust-overlay": [
          "rust-overlay"
        ]
      },
      "locked": {
        "dirtyRev": "58bcddab5d108e3a02b0cb454f2d051e40a3a25d-dirty",
        "dirtyShortRev": "58bcdda-dirty",
        "lastModified": 1784865762,
        "narHash": "sha256-QAX1NXet5/XZSAG4IsDVYQq+6dlnbZNvq0myQqDB2Gk=",
        "type": "git",
        "url": "file:./codex"
      },
      "original": {
        "type": "git",
        "url": "file:./codex"
      }
    },
    "nixpkgs": {
      "locked": {
        "lastModified": 1784120854,
        "narHash": "sha256-KesHgItiZPgGX740axSiQLcIQ8D24MDqNpkKYWIek8k=",
        "owner": "NixOS",
        "repo": "nixpkgs",
        "rev": "753cc8a3a87467296ddd1fa93f0cc3e81120ee46",
        "type": "github"
      },
      "original": {
        "owner": "NixOS",
        "ref": "nixos-unstable",
        "repo": "nixpkgs",
        "type": "github"
      }
    },
    "root": {
      "inputs": {
        "codex": "codex",
        "nixpkgs": "nixpkgs",
        "rust-overlay": "rust-overlay"
      }
    },
    "rust-overlay": {
      "inputs": {
        "nixpkgs": [
          "nixpkgs"
        ]
      },
      "locked": {
        "lastModified": 1784784641,
        "narHash": "sha256-F8/6twaXdW5dOHgLt1sO62fygfA3aKiYlEmnnIxzpTU=",
        "owner": "oxalica",
        "repo": "rust-overlay",
        "rev": "19a19f3921ae195f2fbd85f5dc57e6d1df63aa0b",
        "type": "github"
      },
      "original": {
        "owner": "oxalica",
        "repo": "rust-overlay",
        "type": "github"
      }
    }
  },
  "root": "root",
  "version": 7
}
